// !$*UTF8*$!
{
	archiveVersion = 1;
	classes = {
	};
	objectVersion = 56;
	objects = {

/* Begin PBXBuildFile section */
		FBD580732AC158D4007E4D71 /* Wake_on_LanApp.swift in Sources */ = {isa = PBXBuildFile; fileRef = FBD580722AC158D4007E4D71 /* Wake_on_LanApp.swift */; };
		FBD580752AC158D4007E4D71 /* ContentView.swift in Sources */ = {isa = PBXBuildFile; fileRef = FBD580742AC158D4007E4D71 /* ContentView.swift */; };
		FBD580772AC158D7007E4D71 /* Assets.xcassets in Resources */ = {isa = PBXBuildFile; fileRef = FBD580762AC158D7007E4D71 /* Assets.xcassets */; };
		FBD5807A2AC158D7007E4D71 /* Preview Assets.xcassets in Resources */ = {isa = PBXBuildFile; fileRef = FBD580792AC158D7007E4D71 /* Preview Assets.xcassets */; };
		FBD580842AC158D8007E4D71 /* Wake_on_LanTests.swift in Sources */ = {isa = PBXBuildFile; fileRef = FBD580832AC158D8007E4D71 /* Wake_on_LanTests.swift */; };
		FBD5808E2AC158D8007E4D71 /* Wake_on_LanUITests.swift in Sources */ = {isa = PBXBuildFile; fileRef = FBD5808D2AC158D8007E4D71 /* Wake_on_LanUITests.swift */; };
		FBD580902AC158D8007E4D71 /* Wake_on_LanUITestsLaunchTests.swift in Sources */ = {isa = PBXBuildFile; fileRef = FBD5808F2AC158D8007E4D71 /* Wake_on_LanUITestsLaunchTests.swift */; };
/* End PBXBuildFile section */

/* Begin PBXContainerItemProxy section */
		FBD580802AC158D8007E4D71 /* PBXContainerItemProxy */ = {
			isa = PBXContainerItemProxy;
			containerPortal = FBD580672AC158D4007E4D71 /* Project object */;
			proxyType = 1;
			remoteGlobalIDString = FBD5806E2AC158D4007E4D71;
			remoteInfo = "Wake on Lan";
		};
		FBD5808A2AC158D8007E4D71 /* PBXContainerItemProxy */ = {
			isa = PBXContainerItemProxy;
			containerPortal = FBD580672AC158D4007E4D71 /* Project object */;
			proxyType = 1;
			remoteGlobalIDString = FBD5806E2AC158D4007E4D71;
			remoteInfo = "Wake on Lan";
		};
/* End PBXContainerItemProxy section */

/* Begin PBXFileReference section */
		FBD5806F2AC158D4007E4D71 /* Wake on Lan.app */ = {isa = PBXFileReference; explicitFileType = wrapper.application; includeInIndex = 0; path = "Wake on Lan.app"; sourceTree = BUILT_PRODUCTS_DIR; };
		FBD580722AC158D4007E4D71 /* Wake_on_LanApp.swift */ = {isa = PBXFileReference; lastKnownFileType = sourcecode.swift; path = Wake_on_LanApp.swift; sourceTree = "<group>"; };
		FBD580742AC158D4007E4D71 /* ContentView.swift */ = {isa = PBXFileReference; lastKnownFileType = sourcecode.swift; path = ContentView.swift; sourceTree = "<group>"; };
		FBD580762AC158D7007E4D71 /* Assets.xcassets */ = {isa = PBXFileReference; lastKnownFileType = folder.assetcatalog; path = Assets.xcassets; sourceTree = "<group>"; };
		FBD580792AC158D7007E4D71 /* Preview Assets.xcassets */ = {isa = PBXFileReference; lastKnownFileType = folder.assetcatalog; path = "Preview Assets.xcassets"; sourceTree = "<group>"; };
		FBD5807F2AC158D8007E4D71 /* Wake on LanTests.xctest */ = {isa = PBXFileReference; explicitFileType = wrapper.cfbundle; includeInIndex = 0; path = "Wake on LanTests.xctest"; sourceTree = BUILT_PRODUCTS_DIR; };
		FBD580832AC158D8007E4D71 /* Wake_on_LanTests.swift */ = {isa = PBXFileReference; lastKnownFileType = sourcecode.swift; path = Wake_on_LanTests.swift; sourceTree = "<group>"; };
		FBD580892AC158D8007E4D71 /* Wake on LanUITests.xctest */ = {isa = PBXFileReference; explicitFileType = wrapper.cfbundle; includeInIndex = 0; path = "Wake on LanUITests.xctest"; sourceTree = BUILT_PRODUCTS_DIR; };
		FBD5808D2AC158D8007E4D71 /* Wake_on_LanUITests.swift */ = {isa = PBXFileReference; lastKnownFileType = sourcecode.swift; path = Wake_on_LanUITests.swift; sourceTree = "<group>"; };
		FBD5808F2AC158D8007E4D71 /* Wake_on_LanUITestsLaunchTests.swift */ = {isa = PBXFileReference; lastKnownFileType = sourcecode.swift; path = Wake_on_LanUITestsLaunchTests.swift; sourceTree = "<group>"; };
/* End PBXFileReference section */

/* Begin PBXFrameworksBuildPhase section */
		FBD5806C2AC158D4007E4D71 /* Frameworks */ = {
			isa = PBXFrameworksBuildPhase;
			buildActionMask = 2147483647;
			files = (
			);
			runOnlyForDeploymentPostprocessing = 0;
		};
		FBD5807C2AC158D8007E4D71 /* Frameworks */ = {
			isa = PBXFrameworksBuildPhase;
			buildActionMask = 2147483647;
			files = (
			);
			runOnlyForDeploymentPostprocessing = 0;
		};
		FBD580862AC158D8007E4D71 /* Frameworks */ = {
			isa = PBXFrameworksBuildPhase;
			buildActionMask = 2147483647;
			files = (
			);
			runOnlyForDeploymentPostprocessing = 0;
		};
/* End PBXFrameworksBuildPhase section */

/* Begin PBXGroup section */
		FBD580662AC158D4007E4D71 = {
			isa = PBXGroup;
			children = (
				FBD580712AC158D4007E4D71 /* Wake on Lan */,
				FBD580822AC158D8007E4D71 /* Wake on LanTests */,
				FBD5808C2AC158D8007E4D71 /* Wake on LanUITests */,
				FBD580702AC158D4007E4D71 /* Products */,
			);
			sourceTree = "<group>";
		};
		FBD580702AC158D4007E4D71 /* Products */ = {
			isa = PBXGroup;
			children = (
				FBD5806F2AC158D4007E4D71 /* Wake on Lan.app */,
				FBD5807F2AC158D8007E4D71 /* Wake on LanTests.xctest */,
				FBD580892AC158D8007E4D71 /* Wake on LanUITests.xctest */,
			);
			name = Products;
			sourceTree = "<group>";
		};
		FBD580712AC158D4007E4D71 /* Wake on Lan */ = {
			isa = PBXGroup;
			children = (
				FBD580722AC158D4007E4D71 /* Wake_on_LanApp.swift */,
				FBD580742AC158D4007E4D71 /* ContentView.swift */,
				FBD580762AC158D7007E4D71 /* Assets.xcassets */,
				FBD580782AC158D7007E4D71 /* Preview Content */,
			);
			path = "Wake on Lan";
			sourceTree = "<group>";
		};
		FBD580782AC158D7007E4D71 /* Preview Content */ = {
			isa = PBXGroup;
			children = (
				FBD580792AC158D7007E4D71 /* Preview Assets.xcassets */,
			);
			path = "Preview Content";
			sourceTree = "<group>";
		};
		FBD580822AC158D8007E4D71 /* Wake on LanTests */ = {
			isa = PBXGroup;
			children = (
				FBD580832AC158D8007E4D71 /* Wake_on_LanTests.swift */,
			);
			path = "Wake on LanTests";
			sourceTree = "<group>";
		};
		FBD5808C2AC158D8007E4D71 /* Wake on LanUITests */ = {
			isa = PBXGroup;
			children = (
				FBD5808D2AC158D8007E4D71 /* Wake_on_LanUITests.swift */,
				FBD5808F2AC158D8007E4D71 /* Wake_on_LanUITestsLaunchTests.swift */,
			);
			path = "Wake on LanUITests";
			sourceTree = "<group>";
		};
/* End PBXGroup section */

/* Begin PBXNativeTarget section */
		FBD5806E2AC158D4007E4D71 /* Wake on Lan */ = {
			isa = PBXNativeTarget;
			buildConfigurationList = FBD580932AC158D8007E4D71 /* Build configuration list for PBXNativeTarget "Wake on Lan" */;
			buildPhases = (
				FBD5806B2AC158D4007E4D71 /* Sources */,
				FBD5806C2AC158D4007E4D71 /* Frameworks */,
				FBD5806D2AC158D4007E4D71 /* Resources */,
			);
			buildRules = (
			);
			dependencies = (
			);
			name = "Wake on Lan";
			productName = "Wake on Lan";
			productReference = FBD5806F2AC158D4007E4D71 /* Wake on Lan.app */;
			productType = "com.apple.product-type.application";
		};
		FBD5807E2AC158D8007E4D71 /* Wake on LanTests */ = {
			isa = PBXNativeTarget;
			buildConfigurationList = FBD580962AC158D8007E4D71 /* Build configuration list for PBXNativeTarget "Wake on LanTests" */;
			buildPhases = (
				FBD5807B2AC158D8007E4D71 /* Sources */,
				FBD5807C2AC158D8007E4D71 /* Frameworks */,
				FBD5807D2AC158D8007E4D71 /* Resources */,
			);
			buildRules = (
			);
			dependencies = (
				FBD580812AC158D8007E4D71 /* PBXTargetDependency */,
			);
			name = "Wake on LanTests";
			productName = "Wake on LanTests";
			productReference = FBD5807F2AC158D8007E4D71 /* Wake on LanTests.xctest */;
			productType = "com.apple.product-type.bundle.unit-test";
		};
		FBD580882AC158D8007E4D71 /* Wake on LanUITests */ = {
			isa = PBXNativeTarget;
			buildConfigurationList = FBD580992AC158D8007E4D71 /* Build configuration list for PBXNativeTarget "Wake on LanUITests" */;
			buildPhases = (
				FBD580852AC158D8007E4D71 /* Sources */,
				FBD580862AC158D8007E4D71 /* Frameworks */,
				FBD580872AC158D8007E4D71 /* Resources */,
			);
			buildRules = (
			);
			dependencies = (
				FBD5808B2AC158D8007E4D71 /* PBXTargetDependency */,
			);
			name = "Wake on LanUITests";
			productName = "Wake on LanUITests";
			productReference = FBD580892AC158D8007E4D71 /* Wake on LanUITests.xctest */;
			productType = "com.apple.product-type.bundle.ui-testing";
		};
/* End PBXNativeTarget section */

/* Begin PBXProject section */
		FBD580672AC158D4007E4D71 /* Project object */ = {
			isa = PBXProject;
			attributes = {
				BuildIndependentTargetsInParallel = 1;
				LastSwiftUpdateCheck = 1500;
				LastUpgradeCheck = 1500;
				TargetAttributes = {
					FBD5806E2AC158D4007E4D71 = {
						CreatedOnToolsVersion = 15.0;
					};
					FBD5807E2AC158D8007E4D71 = {
						CreatedOnToolsVersion = 15.0;
						TestTargetID = FBD5806E2AC158D4007E4D71;
					};
					FBD580882AC158D8007E4D71 = {
						CreatedOnToolsVersion = 15.0;
						TestTargetID = FBD5806E2AC158D4007E4D71;
					};
				};
			};
			buildConfigurationList = FBD5806A2AC158D4007E4D71 /* Build configuration list for PBXProject "Wake on Lan" */;
			compatibilityVersion = "Xcode 14.0";
			developmentRegion = en;
			hasScannedForEncodings = 0;
			knownRegions = (
				en,
				Base,
			);
			mainGroup = FBD580662AC158D4007E4D71;
			productRefGroup = FBD580702AC158D4007E4D71 /* Products */;
			projectDirPath = "";
			projectRoot = "";
			targets = (
				FBD5806E2AC158D4007E4D71 /* Wake on Lan */,
				FBD5807E2AC158D8007E4D71 /* Wake on LanTests */,
				FBD580882AC158D8007E4D71 /* Wake on LanUITests */,
			);
		};
/* End PBXProject section */

/* Begin PBXResourcesBuildPhase section */
		FBD5806D2AC158D4007E4D71 /* Resources */ = {
			isa = PBXResourcesBuildPhase;
			buildActionMask = 2147483647;
			files = (
				FBD5807A2AC158D7007E4D71 /* Preview Assets.xcassets in Resources */,
				FBD580772AC158D7007E4D71 /* Assets.xcassets in Resources */,
			);
			runOnlyForDeploymentPostprocessing = 0;
		};
		FBD5807D2AC158D8007E4D71 /* Resources */ = {
			isa = PBXResourcesBuildPhase;
			buildActionMask = 2147483647;
			files = (
			);
			runOnlyForDeploymentPostprocessing = 0;
		};
		FBD580872AC158D8007E4D71 /* Resources */ = {
			isa = PBXResourcesBuildPhase;
			buildActionMask = 2147483647;
			files = (
			);
			runOnlyForDeploymentPostprocessing = 0;
		};
/* End PBXResourcesBuildPhase section */

/* Begin PBXSourcesBuildPhase section */
		FBD5806B2AC158D4007E4D71 /* Sources */ = {
			isa = PBXSourcesBuildPhase;
			buildActionMask = 2147483647;
			files = (
				FBD580752AC158D4007E4D71 /* ContentView.swift in Sources */,
				FBD580732AC158D4007E4D71 /* Wake_on_LanApp.swift in Sources */,
			);
			runOnlyForDeploymentPostprocessing = 0;
		};
		FBD5807B2AC158D8007E4D71 /* Sources */ = {
			isa = PBXSourcesBuildPhase;
			buildActionMask = 2147483647;
			files = (
				FBD580842AC158D8007E4D71 /* Wake_on_LanTests.swift in Sources */,
			);
			runOnlyForDeploymentPostprocessing = 0;
		};
		FBD580852AC158D8007E4D71 /* Sources */ = {
			isa = PBXSourcesBuildPhase;
			buildActionMask = 2147483647;
			files = (
				FBD5808E2AC158D8007E4D71 /* Wake_on_LanUITests.swift in Sources */,
				FBD580902AC158D8007E4D71 /* Wake_on_LanUITestsLaunchTests.swift in Sources */,
			);
			runOnlyForDeploymentPostprocessing = 0;
		};
/* End PBXSourcesBuildPhase section */

/* Begin PBXTargetDependency section */
		FBD580812AC158D8007E4D71 /* PBXTargetDependency */ = {
			isa = PBXTargetDependency;
			target = FBD5806E2AC158D4007E4D71 /* Wake on Lan */;
			targetProxy = FBD580802AC158D8007E4D71 /* PBXContainerItemProxy */;
		};
		FBD5808B2AC158D8007E4D71 /* PBXTargetDependency */ = {
			isa = PBXTargetDependency;
			target = FBD5806E2AC158D4007E4D71 /* Wake on Lan */;
			targetProxy = FBD5808A2AC158D8007E4D71 /* PBXContainerItemProxy */;
		};
/* End PBXTargetDependency section */

/* Begin XCBuildConfiguration section */
		FBD580912AC158D8007E4D71 /* Debug */ = {
			isa = XCBuildConfiguration;
			buildSettings = {
				ALWAYS_SEARCH_USER_PATHS = NO;
				ASSETCATALOG_COMPILER_GENERATE_SWIFT_ASSET_SYMBOL_EXTENSIONS = YES;
				CLANG_ANALYZER_NONNULL = YES;
				CLANG_ANALYZER_NUMBER_OBJECT_CONVERSION = YES_AGGRESSIVE;
				CLANG_CXX_LANGUAGE_STANDARD = "gnu++20";
				CLANG_ENABLE_MODULES = YES;
				CLANG_ENABLE_OBJC_ARC = YES;
				CLANG_ENABLE_OBJC_WEAK = YES;
				CLANG_WARN_BLOCK_CAPTURE_AUTORELEASING = YES;
				CLANG_WARN_BOOL_CONVERSION = YES;
				CLANG_WARN_COMMA = YES;
				CLANG_WARN_CONSTANT_CONVERSION = YES;
				CLANG_WARN_DEPRECATED_OBJC_IMPLEMENTATIONS = YES;
				CLANG_WARN_DIRECT_OBJC_ISA_USAGE = YES_ERROR;
				CLANG_WARN_DOCUMENTATION_COMMENTS = YES;
				CLANG_WARN_EMPTY_BODY = YES;
				CLANG_WARN_ENUM_CONVERSION = YES;
				CLANG_WARN_INFINITE_RECURSION = YES;
				CLANG_WARN_INT_CONVERSION = YES;
				CLANG_WARN_NON_LITERAL_NULL_CONVERSION = YES;
				CLANG_WARN_OBJC_IMPLICIT_RETAIN_SELF = YES;
				CLANG_WARN_OBJC_LITERAL_CONVERSION = YES;
				CLANG_WARN_OBJC_ROOT_CLASS = YES_ERROR;
				CLANG_WARN_QUOTED_INCLUDE_IN_FRAMEWORK_HEADER = YES;
				CLANG_WARN_RANGE_LOOP_ANALYSIS = YES;
				CLANG_WARN_STRICT_PROTOTYPES = YES;
				CLANG_WARN_SUSPICIOUS_MOVE = YES;
				CLANG_WARN_UNGUARDED_AVAILABILITY = YES_AGGRESSIVE;
				CLANG_WARN_UNREACHABLE_CODE = YES;
				CLANG_WARN__DUPLICATE_METHOD_MATCH = YES;
				COPY_PHASE_STRIP = NO;
				DEBUG_INFORMATION_FORMAT = dwarf;
				ENABLE_STRICT_OBJC_MSGSEND = YES;
				ENABLE_TESTABILITY = YES;
				ENABLE_USER_SCRIPT_SANDBOXING = YES;
				GCC_C_LANGUAGE_STANDARD = gnu17;
				GCC_DYNAMIC_NO_PIC = NO;
				GCC_NO_COMMON_BLOCKS = YES;
				GCC_OPTIMIZATION_LEVEL = 0;
				GCC_PREPROCESSOR_DEFINITIONS = (
					"DEBUG=1",
					"$(inherited)",
				);
				GCC_WARN_64_TO_32_BIT_CONVERSION = YES;
				GCC_WARN_ABOUT_RETURN_TYPE = YES_ERROR;
				GCC_WARN_UNDECLARED_SELECTOR = YES;
				GCC_WARN_UNINITIALIZED_AUTOS = YES_AGGRESSIVE;
				GCC_WARN_UNUSED_FUNCTION = YES;
				GCC_WARN_UNUSED_VARIABLE = YES;
				IPHONEOS_DEPLOYMENT_TARGET = 17.0;
				LOCALIZATION_PREFERS_STRING_CATALOGS = YES;
				MTL_ENABLE_DEBUG_INFO = INCLUDE_SOURCE;
				MTL_FAST_MATH = YES;
				ONLY_ACTIVE_ARCH = YES;
				SDKROOT = iphoneos;
				SWIFT_ACTIVE_COMPILATION_CONDITIONS = "DEBUG $(inherited)";
				SWIFT_OPTIMIZATION_LEVEL = "-Onone";
			};
			name = Debug;
		};
		FBD580922AC158D8007E4D71 /* Release */ = {
			isa = XCBuildConfiguration;
			buildSettings = {
				ALWAYS_SEARCH_USER_PATHS = NO;
				ASSETCATALOG_COMPILER_GENERATE_SWIFT_ASSET_SYMBOL_EXTENSIONS = YES;
				CLANG_ANALYZER_NONNULL = YES;
				CLANG_ANALYZER_NUMBER_OBJECT_CONVERSION = YES_AGGRESSIVE;
				CLANG_CXX_LANGUAGE_STANDARD = "gnu++20";
				CLANG_ENABLE_MODULES = YES;
				CLANG_ENABLE_OBJC_ARC = YES;
				CLANG_ENABLE_OBJC_WEAK = YES;
				CLANG_WARN_BLOCK_CAPTURE_AUTORELEASING = YES;
				CLANG_WARN_BOOL_CONVERSION = YES;
				CLANG_WARN_COMMA = YES;
				CLANG_WARN_CONSTANT_CONVERSION = YES;
				CLANG_WARN_DEPRECATED_OBJC_IMPLEMENTATIONS = YES;
				CLANG_WARN_DIRECT_OBJC_ISA_USAGE = YES_ERROR;
				CLANG_WARN_DOCUMENTATION_COMMENTS = YES;
				CLANG_WARN_EMPTY_BODY = YES;
				CLANG_WARN_ENUM_CONVERSION = YES;
				CLANG_WARN_INFINITE_RECURSION = YES;
				CLANG_WARN_INT_CONVERSION = YES;
				CLANG_WARN_NON_LITERAL_NULL_CONVERSION = YES;
				CLANG_WARN_OBJC_IMPLICIT_RETAIN_SELF = YES;
				CLANG_WARN_OBJC_LITERAL_CONVERSION = YES;
				CLANG_WARN_OBJC_ROOT_CLASS = YES_ERROR;
				CLANG_WARN_QUOTED_INCLUDE_IN_FRAMEWORK_HEADER = YES;
				CLANG_WARN_RANGE_LOOP_ANALYSIS = YES;
				CLANG_WARN_STRICT_PROTOTYPES = YES;
				CLANG_WARN_SUSPICIOUS_MOVE = YES;
				CLANG_WARN_UNGUARDED_AVAILABILITY = YES_AGGRESSIVE;
				CLANG_WARN_UNREACHABLE_CODE = YES;
				CLANG_WARN__DUPLICATE_METHOD_MATCH = YES;
				COPY_PHASE_STRIP = NO;
				DEBUG_INFORMATION_FORMAT = "dwarf-with-dsym";
				ENABLE_NS_ASSERTIONS = NO;
				ENABLE_STRICT_OBJC_MSGSEND = YES;
				ENABLE_USER_SCRIPT_SANDBOXING = YES;
				GCC_C_LANGUAGE_STANDARD = gnu17;
				GCC_NO_COMMON_BLOCKS = YES;
				GCC_WARN_64_TO_32_BIT_CONVERSION = YES;
				GCC_WARN_ABOUT_RETURN_TYPE = YES_ERROR;
				GCC_WARN_UNDECLARED_SELECTOR = YES;
				GCC_WARN_UNINITIALIZED_AUTOS = YES_AGGRESSIVE;
				GCC_WARN_UNUSED_FUNCTION = YES;
				GCC_WARN_UNUSED_VARIABLE = YES;
				IPHONEOS_DEPLOYMENT_TARGET = 17.0;
				LOCALIZATION_PREFERS_STRING_CATALOGS = YES;
				MTL_ENABLE_DEBUG_INFO = NO;
				MTL_FAST_MATH = YES;
				SDKROOT = iphoneos;
				SWIFT_COMPILATION_MODE = wholemodule;
				VALIDATE_PRODUCT = YES;
			};
			name = Release;
		};
		FBD580942AC158D8007E4D71 /* Debug */ = {
			isa = XCBuildConfiguration;
			buildSettings = {
				ASSETCATALOG_COMPILER_APPICON_NAME = AppIcon;
				ASSETCATALOG_COMPILER_GLOBAL_ACCENT_COLOR_NAME = AccentColor;
				CODE_SIGN_STYLE = Automatic;
				CURRENT_PROJECT_VERSION = 1;
				DEVELOPMENT_ASSET_PATHS = "\"Wake on Lan/Preview Content\"";
				ENABLE_PREVIEWS = YES;
				GENERATE_INFOPLIST_FILE = YES;
				INFOPLIST_KEY_UIApplicationSceneManifest_Generation = YES;
				INFOPLIST_KEY_UIApplicationSupportsIndirectInputEvents = YES;
				INFOPLIST_KEY_UILaunchScreen_Generation = YES;
				INFOPLIST_KEY_UISupportedInterfaceOrientations_iPad = "UIInterfaceOrientationPortrait UIInterfaceOrientationPortraitUpsideDown UIInterfaceOrientationLandscapeLeft UIInterfaceOrientationLandscapeRight";
				INFOPLIST_KEY_UISupportedInterfaceOrientations_iPhone = "UIInterfaceOrientationPortrait UIInterfaceOrientationLandscapeLeft UIInterfaceOrientationLandscapeRight";
				LD_RUNPATH_SEARCH_PATHS = (
					"$(inherited)",
					"@executable_path/Frameworks",
				);
				MARKETING_VERSION = 1.0;
				PRODUCT_BUNDLE_IDENTIFIER = "Jakob.Wake-on-Lan";
				PRODUCT_NAME = "$(TARGET_NAME)";
				SWIFT_EMIT_LOC_STRINGS = YES;
				SWIFT_VERSION = 5.0;
				TARGETED_DEVICE_FAMILY = "1,2";
			};
			name = Debug;
		};
		FBD580952AC158D8007E4D71 /* Release */ = {
			isa = XCBuildConfiguration;
			buildSettings = {
				ASSETCATALOG_COMPILER_APPICON_NAME = AppIcon;
				ASSETCATALOG_COMPILER_GLOBAL_ACCENT_COLOR_NAME = AccentColor;
				CODE_SIGN_STYLE = Automatic;
				CURRENT_PROJECT_VERSION = 1;
				DEVELOPMENT_ASSET_PATHS = "\"Wake on Lan/Preview Content\"";
				ENABLE_PREVIEWS = YES;
				GENERATE_INFOPLIST_FILE = YES;
				INFOPLIST_KEY_UIApplicationSceneManifest_Generation = YES;
				INFOPLIST_KEY_UIApplicationSupportsIndirectInputEvents = YES;
				INFOPLIST_KEY_UILaunchScreen_Generation = YES;
				INFOPLIST_KEY_UISupportedInterfaceOrientations_iPad = "UIInterfaceOrientationPortrait UIInterfaceOrientationPortraitUpsideDown UIInterfaceOrientationLandscapeLeft UIInterfaceOrientationLandscapeRight";
				INFOPLIST_KEY_UISupportedInterfaceOrientations_iPhone = "UIInterfaceOrientationPortrait UIInterfaceOrientationLandscapeLeft UIInterfaceOrientationLandscapeRight";
				LD_RUNPATH_SEARCH_PATHS = (
					"$(inherited)",
					"@executable_path/Frameworks",
				);
				MARKETING_VERSION = 1.0;
				PRODUCT_BUNDLE_IDENTIFIER = "Jakob.Wake-on-Lan";
				PRODUCT_NAME = "$(TARGET_NAME)";
				SWIFT_EMIT_LOC_STRINGS = YES;
				SWIFT_VERSION = 5.0;
				TARGETED_DEVICE_FAMILY = "1,2";
			};
			name = Release;
		};
		FBD580972AC158D8007E4D71 /* Debug */ = {
			isa = XCBuildConfiguration;
			buildSettings = {
				ALWAYS_EMBED_SWIFT_STANDARD_LIBRARIES = YES;
				BUNDLE_LOADER = "$(TEST_HOST)";
				CODE_SIGN_STYLE = Automatic;
				CURRENT_PROJECT_VERSION = 1;
				GENERATE_INFOPLIST_FILE = YES;
				IPHONEOS_DEPLOYMENT_TARGET = 17.0;
				MARKETING_VERSION = 1.0;
				PRODUCT_BUNDLE_IDENTIFIER = "Jakob.Wake-on-LanTests";
				PRODUCT_NAME = "$(TARGET_NAME)";
				SWIFT_EMIT_LOC_STRINGS = NO;
				SWIFT_VERSION = 5.0;
				TARGETED_DEVICE_FAMILY = "1,2";
				TEST_HOST = "$(BUILT_PRODUCTS_DIR)/Wake on Lan.app/$(BUNDLE_EXECUTABLE_FOLDER_PATH)/Wake on Lan";
			};
			name = Debug;
		};
		FBD580982AC158D8007E4D71 /* Release */ = {
			isa = XCBuildConfiguration;
			buildSettings = {
				ALWAYS_EMBED_SWIFT_STANDARD_LIBRARIES = YES;
				BUNDLE_LOADER = "$(TEST_HOST)";
				CODE_SIGN_STYLE = Automatic;
				CURRENT_PROJECT_VERSION = 1;
				GENERATE_INFOPLIST_FILE = YES;
				IPHONEOS_DEPLOYMENT_TARGET = 17.0;
				MARKETING_VERSION = 1.0;
				PRODUCT_BUNDLE_IDENTIFIER = "Jakob.Wake-on-LanTests";
				PRODUCT_NAME = "$(TARGET_NAME)";
				SWIFT_EMIT_LOC_STRINGS = NO;
				SWIFT_VERSION = 5.0;
				TARGETED_DEVICE_FAMILY = "1,2";
				TEST_HOST = "$(BUILT_PRODUCTS_DIR)/Wake on Lan.app/$(BUNDLE_EXECUTABLE_FOLDER_PATH)/Wake on Lan";
			};
			name = Release;
		};
		FBD5809A2AC158D8007E4D71 /* Debug */ = {
			isa = XCBuildConfiguration;
			buildSettings = {
				ALWAYS_EMBED_SWIFT_STANDARD_LIBRARIES = YES;
				CODE_SIGN_STYLE = Automatic;
				CURRENT_PROJECT_VERSION = 1;
				GENERATE_INFOPLIST_FILE = YES;
				MARKETING_VERSION = 1.0;
				PRODUCT_BUNDLE_IDENTIFIER = "Jakob.Wake-on-LanUITests";
				PRODUCT_NAME = "$(TARGET_NAME)";
				SWIFT_EMIT_LOC_STRINGS = NO;
				SWIFT_VERSION = 5.0;
				TARGETED_DEVICE_FAMILY = "1,2";
				TEST_TARGET_NAME = "Wake on Lan";
			};
			name = Debug;
		};
		FBD5809B2AC158D8007E4D71 /* Release */ = {
			isa = XCBuildConfiguration;
			buildSettings = {
				ALWAYS_EMBED_SWIFT_STANDARD_LIBRARIES = YES;
				CODE_SIGN_STYLE = Automatic;
				CURRENT_PROJECT_VERSION = 1;
				GENERATE_INFOPLIST_FILE = YES;
				MARKETING_VERSION = 1.0;
				PRODUCT_BUNDLE_IDENTIFIER = "Jakob.Wake-on-LanUITests";
				PRODUCT_NAME = "$(TARGET_NAME)";
				SWIFT_EMIT_LOC_STRINGS = NO;
				SWIFT_VERSION = 5.0;
				TARGETED_DEVICE_FAMILY = "1,2";
				TEST_TARGET_NAME = "Wake on Lan";
			};
			name = Release;
		};
/* End XCBuildConfiguration section */

/* Begin XCConfigurationList section */
		FBD5806A2AC158D4007E4D71 /* Build configuration list for PBXProject "Wake on Lan" */ = {
			isa = XCConfigurationList;
			buildConfigurations = (
				FBD580912AC158D8007E4D71 /* Debug */,
				FBD580922AC158D8007E4D71 /* Release */,
			);
			defaultConfigurationIsVisible = 0;
			defaultConfigurationName = Release;
		};
		FBD580932AC158D8007E4D71 /* Build configuration list for PBXNativeTarget "Wake on Lan" */ = {
			isa = XCConfigurationList;
			buildConfigurations = (
				FBD580942AC158D8007E4D71 /* Debug */,
				FBD580952AC158D8007E4D71 /* Release */,
			);
			defaultConfigurationIsVisible = 0;
			defaultConfigurationName = Release;
		};
		FBD580962AC158D8007E4D71 /* Build configuration list for PBXNativeTarget "Wake on LanTests" */ = {
			isa = XCConfigurationList;
			buildConfigurations = (
				FBD580972AC158D8007E4D71 /* Debug */,
				FBD580982AC158D8007E4D71 /* Release */,
			);
			defaultConfigurationIsVisible = 0;
			defaultConfigurationName = Release;
		};
		FBD580992AC158D8007E4D71 /* Build configuration list for PBXNativeTarget "Wake on LanUITests" */ = {
			isa = XCConfigurationList;
			buildConfigurations = (
				FBD5809A2AC158D8007E4D71 /* Debug */,
				FBD5809B2AC158D8007E4D71 /* Release */,
			);
			defaultConfigurationIsVisible = 0;
			defaultConfigurationName = Release;
		};
/* End XCConfigurationList section */
	};
	rootObject = FBD580672AC158D4007E4D71 /* Project object */;
}
